// !$*UTF8*$!
{
	archiveVersion = 1;
	classes = {
	};
	objectVersion = 50;
	objects = {

/* Begin PBXBuildFile section */
		13BBBD6224C6E2DC00A84AEE /* NetworkController.swift in Sources */ = {isa = PBXBuildFile; fileRef = 13BBBD6124C6E2DC00A84AEE /* NetworkController.swift */; };
		13F3576C24AFB7F90092200C /* AppDelegate.swift in Sources */ = {isa = PBXBuildFile; fileRef = 13F3576B24AFB7F90092200C /* AppDelegate.swift */; };
		13F3576E24AFB7F90092200C /* SceneDelegate.swift in Sources */ = {isa = PBXBuildFile; fileRef = 13F3576D24AFB7F90092200C /* SceneDelegate.swift */; };
		13F3577324AFB7F90092200C /* Main.storyboard in Resources */ = {isa = PBXBuildFile; fileRef = 13F3577124AFB7F90092200C /* Main.storyboard */; };
		13F3577524AFB7FB0092200C /* Assets.xcassets in Resources */ = {isa = PBXBuildFile; fileRef = 13F3577424AFB7FB0092200C /* Assets.xcassets */; };
		13F3578224AFB9DB0092200C /* MainViewController.swift in Sources */ = {isa = PBXBuildFile; fileRef = 13F3578124AFB9DB0092200C /* MainViewController.swift */; };
		13F3578424AFEFBD0092200C /* SettingsViewController.swift in Sources */ = {isa = PBXBuildFile; fileRef = 13F3578324AFEFBD0092200C /* SettingsViewController.swift */; };
		13F3578624AFFBEF0092200C /* ReceiverInfo.swift in Sources */ = {isa = PBXBuildFile; fileRef = 13F3578524AFFBEF0092200C /* ReceiverInfo.swift */; };
		A734EE9E07A50C13CA89507C /* Pods_TextTransfer.framework in Frameworks */ = {isa = PBXBuildFile; fileRef = 579F13664B994812F3798EA3 /* Pods_TextTransfer.framework */; };
/* End PBXBuildFile section */

/* Begin PBXFileReference section */
		13BBBD6124C6E2DC00A84AEE /* NetworkController.swift */ = {isa = PBXFileReference; lastKnownFileType = sourcecode.swift; path = NetworkController.swift; sourceTree = "<group>"; };
		13F3576824AFB7F90092200C /* TextTransfer.app */ = {isa = PBXFileReference; explicitFileType = wrapper.application; includeInIndex = 0; path = TextTransfer.app; sourceTree = BUILT_PRODUCTS_DIR; };
		13F3576B24AFB7F90092200C /* AppDelegate.swift */ = {isa = PBXFileReference; lastKnownFileType = sourcecode.swift; path = AppDelegate.swift; sourceTree = "<group>"; };
		13F3576D24AFB7F90092200C /* SceneDelegate.swift */ = {isa = PBXFileReference; lastKnownFileType = sourcecode.swift; path = SceneDelegate.swift; sourceTree = "<group>"; };
		13F3577224AFB7F90092200C /* Base */ = {isa = PBXFileReference; lastKnownFileType = file.storyboard; name = Base; path = Base.lproj/Main.storyboard; sourceTree = "<group>"; };
		13F3577424AFB7FB0092200C /* Assets.xcassets */ = {isa = PBXFileReference; lastKnownFileType = folder.assetcatalog; path = Assets.xcassets; sourceTree = "<group>"; };
		13F3577924AFB7FB0092200C /* Info.plist */ = {isa = PBXFileReference; lastKnownFileType = text.plist.xml; path = Info.plist; sourceTree = "<group>"; };
		13F3578124AFB9DB0092200C /* MainViewController.swift */ = {isa = PBXFileReference; lastKnownFileType = sourcecode.swift; path = MainViewController.swift; sourceTree = "<group>"; };
		13F3578324AFEFBD0092200C /* SettingsViewController.swift */ = {isa = PBXFileReference; lastKnownFileType = sourcecode.swift; path = SettingsViewController.swift; sourceTree = "<group>"; };
		13F3578524AFFBEF0092200C /* ReceiverInfo.swift */ = {isa = PBXFileReference; lastKnownFileType = sourcecode.swift; path = ReceiverInfo.swift; sourceTree = "<group>"; };
		1B46ADA1FB34CDBD1A84B483 /* Pods-TextTransfer.debug.xcconfig */ = {isa = PBXFileReference; includeInIndex = 1; lastKnownFileType = text.xcconfig; name = "Pods-TextTransfer.debug.xcconfig"; path = "Target Support Files/Pods-TextTransfer/Pods-TextTransfer.debug.xcconfig"; sourceTree = "<group>"; };
		579F13664B994812F3798EA3 /* Pods_TextTransfer.framework */ = {isa = PBXFileReference; explicitFileType = wrapper.framework; includeInIndex = 0; path = Pods_TextTransfer.framework; sourceTree = BUILT_PRODUCTS_DIR; };
		B3366C62F77504D299C0E6C2 /* Pods-TextTransfer.release.xcconfig */ = {isa = PBXFileReference; includeInIndex = 1; lastKnownFileType = text.xcconfig; name = "Pods-TextTransfer.release.xcconfig"; path = "Target Support Files/Pods-TextTransfer/Pods-TextTransfer.release.xcconfig"; sourceTree = "<group>"; };
/* End PBXFileReference section */

/* Begin PBXFrameworksBuildPhase section */
		13F3576524AFB7F90092200C /* Frameworks */ = {
			isa = PBXFrameworksBuildPhase;
			buildActionMask = 2147483647;
			files = (
				A734EE9E07A50C13CA89507C /* Pods_TextTransfer.framework in Frameworks */,
			);
			runOnlyForDeploymentPostprocessing = 0;
		};
/* End PBXFrameworksBuildPhase section */

/* Begin PBXGroup section */
		13BBBD6024C6E2C600A84AEE /* Networking */ = {
			isa = PBXGroup;
			children = (
				13BBBD6124C6E2DC00A84AEE /* NetworkController.swift */,
			);
			path = Networking;
			sourceTree = "<group>";
		};
		13F3575F24AFB7F90092200C = {
			isa = PBXGroup;
			children = (
				13F3576A24AFB7F90092200C /* TextTransfer */,
				13F3576924AFB7F90092200C /* Products */,
				93C7995C7A3BA60985981318 /* Pods */,
				D5908CD8B19426ED0DFF330A /* Frameworks */,
			);
			sourceTree = "<group>";
		};
		13F3576924AFB7F90092200C /* Products */ = {
			isa = PBXGroup;
			children = (
				13F3576824AFB7F90092200C /* TextTransfer.app */,
			);
			name = Products;
			sourceTree = "<group>";
		};
		13F3576A24AFB7F90092200C /* TextTransfer */ = {
			isa = PBXGroup;
			children = (
				13F3578724AFFBF40092200C /* Models */,
				13BBBD6024C6E2C600A84AEE /* Networking */,
				13F3578024AFB9C50092200C /* View Controllers */,
				13F3577F24AFB8310092200C /* Resources */,
				13F3577124AFB7F90092200C /* Main.storyboard */,
				13F3577924AFB7FB0092200C /* Info.plist */,
			);
			path = TextTransfer;
			sourceTree = "<group>";
		};
		13F3577F24AFB8310092200C /* Resources */ = {
			isa = PBXGroup;
			children = (
				13F3576B24AFB7F90092200C /* AppDelegate.swift */,
				13F3576D24AFB7F90092200C /* SceneDelegate.swift */,
				13F3577424AFB7FB0092200C /* Assets.xcassets */,
			);
			path = Resources;
			sourceTree = "<group>";
		};
		13F3578024AFB9C50092200C /* View Controllers */ = {
			isa = PBXGroup;
			children = (
				13F3578124AFB9DB0092200C /* MainViewController.swift */,
				13F3578324AFEFBD0092200C /* SettingsViewController.swift */,
			);
			path = "View Controllers";
			sourceTree = "<group>";
		};
		13F3578724AFFBF40092200C /* Models */ = {
			isa = PBXGroup;
			children = (
				13F3578524AFFBEF0092200C /* ReceiverInfo.swift */,
			);
			path = Models;
			sourceTree = "<group>";
		};
		93C7995C7A3BA60985981318 /* Pods */ = {
			isa = PBXGroup;
			children = (
				1B46ADA1FB34CDBD1A84B483 /* Pods-TextTransfer.debug.xcconfig */,
				B3366C62F77504D299C0E6C2 /* Pods-TextTransfer.release.xcconfig */,
			);
			path = Pods;
			sourceTree = "<group>";
		};
		D5908CD8B19426ED0DFF330A /* Frameworks */ = {
			isa = PBXGroup;
			children = (
				579F13664B994812F3798EA3 /* Pods_TextTransfer.framework */,
			);
			name = Frameworks;
			sourceTree = "<group>";
		};
/* End PBXGroup section */

/* Begin PBXNativeTarget section */
		13F3576724AFB7F90092200C /* TextTransfer */ = {
			isa = PBXNativeTarget;
			buildConfigurationList = 13F3577C24AFB7FB0092200C /* Build configuration list for PBXNativeTarget "TextTransfer" */;
			buildPhases = (
				E539B5AED7E5C0B3D6953DF8 /* [CP] Check Pods Manifest.lock */,
				13F3576424AFB7F90092200C /* Sources */,
				13F3576524AFB7F90092200C /* Frameworks */,
				13F3576624AFB7F90092200C /* Resources */,
				FE4A83C4F8AE8B93FD5F6572 /* [CP] Embed Pods Frameworks */,
			);
			buildRules = (
			);
			dependencies = (
			);
			name = TextTransfer;
			productName = TextTransfer;
			productReference = 13F3576824AFB7F90092200C /* TextTransfer.app */;
			productType = "com.apple.product-type.application";
		};
/* End PBXNativeTarget section */

/* Begin PBXProject section */
		13F3576024AFB7F90092200C /* Project object */ = {
			isa = PBXProject;
			attributes = {
				LastSwiftUpdateCheck = 1130;
				LastUpgradeCheck = 1130;
				ORGANIZATIONNAME = conner;
				TargetAttributes = {
					13F3576724AFB7F90092200C = {
						CreatedOnToolsVersion = 11.3.1;
					};
				};
			};
			buildConfigurationList = 13F3576324AFB7F90092200C /* Build configuration list for PBXProject "TextTransfer" */;
			compatibilityVersion = "Xcode 9.3";
			developmentRegion = en;
			hasScannedForEncodings = 0;
			knownRegions = (
				en,
				Base,
			);
			mainGroup = 13F3575F24AFB7F90092200C;
			productRefGroup = 13F3576924AFB7F90092200C /* Products */;
			projectDirPath = "";
			projectRoot = "";
			targets = (
				13F3576724AFB7F90092200C /* TextTransfer */,
			);
		};
/* End PBXProject section */

/* Begin PBXResourcesBuildPhase section */
		13F3576624AFB7F90092200C /* Resources */ = {
			isa = PBXResourcesBuildPhase;
			buildActionMask = 2147483647;
			files = (
				13F3577524AFB7FB0092200C /* Assets.xcassets in Resources */,
				13F3577324AFB7F90092200C /* Main.storyboard in Resources */,
			);
			runOnlyForDeploymentPostprocessing = 0;
		};
/* End PBXResourcesBuildPhase section */

/* Begin PBXShellScriptBuildPhase section */
		E539B5AED7E5C0B3D6953DF8 /* [CP] Check Pods Manifest.lock */ = {
			isa = PBXShellScriptBuildPhase;
			buildActionMask = 2147483647;
			files = (
			);
			inputFileListPaths = (
			);
			inputPaths = (
				"${PODS_PODFILE_DIR_PATH}/Podfile.lock",
				"${PODS_ROOT}/Manifest.lock",
			);
			name = "[CP] Check Pods Manifest.lock";
			outputFileListPaths = (
			);
			outputPaths = (
				"$(DERIVED_FILE_DIR)/Pods-TextTransfer-checkManifestLockResult.txt",
			);
			runOnlyForDeploymentPostprocessing = 0;
			shellPath = /bin/sh;
			shellScript = "diff \"${PODS_PODFILE_DIR_PATH}/Podfile.lock\" \"${PODS_ROOT}/Manifest.lock\" > /dev/null\nif [ $? != 0 ] ; then\n    # print error to STDERR\n    echo \"error: The sandbox is not in sync with the Podfile.lock. Run 'pod install' or update your CocoaPods installation.\" >&2\n    exit 1\nfi\n# This output is used by Xcode 'outputs' to avoid re-running this script phase.\necho \"SUCCESS\" > \"${SCRIPT_OUTPUT_FILE_0}\"\n";
			showEnvVarsInLog = 0;
		};
		FE4A83C4F8AE8B93FD5F6572 /* [CP] Embed Pods Frameworks */ = {
			isa = PBXShellScriptBuildPhase;
			buildActionMask = 2147483647;
			files = (
			);
			inputFileListPaths = (
				"${PODS_ROOT}/Target Support Files/Pods-TextTransfer/Pods-TextTransfer-frameworks-${CONFIGURATION}-input-files.xcfilelist",
			);
			name = "[CP] Embed Pods Frameworks";
			outputFileListPaths = (
				"${PODS_ROOT}/Target Support Files/Pods-TextTransfer/Pods-TextTransfer-frameworks-${CONFIGURATION}-output-files.xcfilelist",
			);
			runOnlyForDeploymentPostprocessing = 0;
			shellPath = /bin/sh;
			shellScript = "\"${PODS_ROOT}/Target Support Files/Pods-TextTransfer/Pods-TextTransfer-frameworks.sh\"\n";
			showEnvVarsInLog = 0;
		};
/* End PBXShellScriptBuildPhase section */

/* Begin PBXSourcesBuildPhase section */
		13F3576424AFB7F90092200C /* Sources */ = {
			isa = PBXSourcesBuildPhase;
			buildActionMask = 2147483647;
			files = (
				13F3578224AFB9DB0092200C /* MainViewController.swift in Sources */,
				13F3576C24AFB7F90092200C /* AppDelegate.swift in Sources */,
				13BBBD6224C6E2DC00A84AEE /* NetworkController.swift in Sources */,
				13F3576E24AFB7F90092200C /* SceneDelegate.swift in Sources */,
				13F3578424AFEFBD0092200C /* SettingsViewController.swift in Sources */,
				13F3578624AFFBEF0092200C /* ReceiverInfo.swift in Sources */,
			);
			runOnlyForDeploymentPostprocessing = 0;
		};
/* End PBXSourcesBuildPhase section */

/* Begin PBXVariantGroup section */
		13F3577124AFB7F90092200C /* Main.storyboard */ = {
			isa = PBXVariantGroup;
			children = (
				13F3577224AFB7F90092200C /* Base */,
			);
			name = Main.storyboard;
			sourceTree = "<group>";
		};
/* End PBXVariantGroup section */

/* Begin XCBuildConfiguration section */
		13F3577A24AFB7FB0092200C /* Debug */ = {
			isa = XCBuildConfiguration;
			buildSettings = {
				ALWAYS_SEARCH_USER_PATHS = NO;
				CLANG_ANALYZER_NONNULL = YES;
				CLANG_ANALYZER_NUMBER_OBJECT_CONVERSION = YES_AGGRESSIVE;
				CLANG_CXX_LANGUAGE_STANDARD = "gnu++14";
				CLANG_CXX_LIBRARY = "libc++";
				CLANG_ENABLE_MODULES = YES;
				CLANG_ENABLE_OBJC_ARC = YES;
				CLANG_ENABLE_OBJC_WEAK = YES;
				CLANG_WARN_BLOCK_CAPTURE_AUTORELEASING = YES;
				CLANG_WARN_BOOL_CONVERSION = YES;
				CLANG_WARN_COMMA = YES;
				CLANG_WARN_CONSTANT_CONVERSION = YES;
				CLANG_WARN_DEPRECATED_OBJC_IMPLEMENTATIONS = YES;
				CLANG_WARN_DIRECT_OBJC_ISA_USAGE = YES_ERROR;
				CLANG_WARN_DOCUMENTATION_COMMENTS = YES;
				CLANG_WARN_EMPTY_BODY = YES;
				CLANG_WARN_ENUM_CONVERSION = YES;
				CLANG_WARN_INFINITE_RECURSION = YES;
				CLANG_WARN_INT_CONVERSION = YES;
				CLANG_WARN_NON_LITERAL_NULL_CONVERSION = YES;
				CLANG_WARN_OBJC_IMPLICIT_RETAIN_SELF = YES;
				CLANG_WARN_OBJC_LITERAL_CONVERSION = YES;
				CLANG_WARN_OBJC_ROOT_CLASS = YES_ERROR;
				CLANG_WARN_RANGE_LOOP_ANALYSIS = YES;
				CLANG_WARN_STRICT_PROTOTYPES = YES;
				CLANG_WARN_SUSPICIOUS_MOVE = YES;
				CLANG_WARN_UNGUARDED_AVAILABILITY = YES_AGGRESSIVE;
				CLANG_WARN_UNREACHABLE_CODE = YES;
				CLANG_WARN__DUPLICATE_METHOD_MATCH = YES;
				COPY_PHASE_STRIP = NO;
				DEBUG_INFORMATION_FORMAT = dwarf;
				ENABLE_STRICT_OBJC_MSGSEND = YES;
				ENABLE_TESTABILITY = YES;
				GCC_C_LANGUAGE_STANDARD = gnu11;
				GCC_DYNAMIC_NO_PIC = NO;
				GCC_NO_COMMON_BLOCKS = YES;
				GCC_OPTIMIZATION_LEVEL = 0;
				GCC_PREPROCESSOR_DEFINITIONS = (
					"DEBUG=1",
					"$(inherited)",
				);
				GCC_WARN_64_TO_32_BIT_CONVERSION = YES;
				GCC_WARN_ABOUT_RETURN_TYPE = YES_ERROR;
				GCC_WARN_UNDECLARED_SELECTOR = YES;
				GCC_WARN_UNINITIALIZED_AUTOS = YES_AGGRESSIVE;
				GCC_WARN_UNUSED_FUNCTION = YES;
				GCC_WARN_UNUSED_VARIABLE = YES;
				IPHONEOS_DEPLOYMENT_TARGET = 13.2;
				MTL_ENABLE_DEBUG_INFO = INCLUDE_SOURCE;
				MTL_FAST_MATH = YES;
				ONLY_ACTIVE_ARCH = YES;
				SDKROOT = iphoneos;
				SWIFT_ACTIVE_COMPILATION_CONDITIONS = DEBUG;
				SWIFT_OPTIMIZATION_LEVEL = "-Onone";
			};
			name = Debug;
		};
		13F3577B24AFB7FB0092200C /* Release */ = {
			isa = XCBuildConfiguration;
			buildSettings = {
				ALWAYS_SEARCH_USER_PATHS = NO;
				CLANG_ANALYZER_NONNULL = YES;
				CLANG_ANALYZER_NUMBER_OBJECT_CONVERSION = YES_AGGRESSIVE;
				CLANG_CXX_LANGUAGE_STANDARD = "gnu++14";
				CLANG_CXX_LIBRARY = "libc++";
				CLANG_ENABLE_MODULES = YES;
				CLANG_ENABLE_OBJC_ARC = YES;
				CLANG_ENABLE_OBJC_WEAK = YES;
				CLANG_WARN_BLOCK_CAPTURE_AUTORELEASING = YES;
				CLANG_WARN_BOOL_CONVERSION = YES;
				CLANG_WARN_COMMA = YES;
				CLANG_WARN_CONSTANT_CONVERSION = YES;
				CLANG_WARN_DEPRECATED_OBJC_IMPLEMENTATIONS = YES;
				CLANG_WARN_DIRECT_OBJC_ISA_USAGE = YES_ERROR;
				CLANG_WARN_DOCUMENTATION_COMMENTS = YES;
				CLANG_WARN_EMPTY_BODY = YES;
				CLANG_WARN_ENUM_CONVERSION = YES;
				CLANG_WARN_INFINITE_RECURSION = YES;
				CLANG_WARN_INT_CONVERSION = YES;
				CLANG_WARN_NON_LITERAL_NULL_CONVERSION = YES;
				CLANG_WARN_OBJC_IMPLICIT_RETAIN_SELF = YES;
				CLANG_WARN_OBJC_LITERAL_CONVERSION = YES;
				CLANG_WARN_OBJC_ROOT_CLASS = YES_ERROR;
				CLANG_WARN_RANGE_LOOP_ANALYSIS = YES;
				CLANG_WARN_STRICT_PROTOTYPES = YES;
				CLANG_WARN_SUSPICIOUS_MOVE = YES;
				CLANG_WARN_UNGUARDED_AVAILABILITY = YES_AGGRESSIVE;
				CLANG_WARN_UNREACHABLE_CODE = YES;
				CLANG_WARN__DUPLICATE_METHOD_MATCH = YES;
				COPY_PHASE_STRIP = NO;
				DEBUG_INFORMATION_FORMAT = "dwarf-with-dsym";
				ENABLE_NS_ASSERTIONS = NO;
				ENABLE_STRICT_OBJC_MSGSEND = YES;
				GCC_C_LANGUAGE_STANDARD = gnu11;
				GCC_NO_COMMON_BLOCKS = YES;
				GCC_WARN_64_TO_32_BIT_CONVERSION = YES;
				GCC_WARN_ABOUT_RETURN_TYPE = YES_ERROR;
				GCC_WARN_UNDECLARED_SELECTOR = YES;
				GCC_WARN_UNINITIALIZED_AUTOS = YES_AGGRESSIVE;
				GCC_WARN_UNUSED_FUNCTION = YES;
				GCC_WARN_UNUSED_VARIABLE = YES;
				IPHONEOS_DEPLOYMENT_TARGET = 13.2;
				MTL_ENABLE_DEBUG_INFO = NO;
				MTL_FAST_MATH = YES;
				SDKROOT = iphoneos;
				SWIFT_COMPILATION_MODE = wholemodule;
				SWIFT_OPTIMIZATION_LEVEL = "-O";
				VALIDATE_PRODUCT = YES;
			};
			name = Release;
		};
		13F3577D24AFB7FB0092200C /* Debug */ = {
			isa = XCBuildConfiguration;
			baseConfigurationReference = 1B46ADA1FB34CDBD1A84B483 /* Pods-TextTransfer.debug.xcconfig */;
			buildSettings = {
				ASSETCATALOG_COMPILER_APPICON_NAME = AppIcon;
				CODE_SIGN_STYLE = Automatic;
				INFOPLIST_FILE = TextTransfer/Info.plist;
				LD_RUNPATH_SEARCH_PATHS = (
					"$(inherited)",
					"@executable_path/Frameworks",
				);
				PRODUCT_BUNDLE_IDENTIFIER = com.conner.TextTransfer;
				PRODUCT_NAME = "$(TARGET_NAME)";
				SWIFT_VERSION = 5.0;
				TARGETED_DEVICE_FAMILY = "1,2";
			};
			name = Debug;
		};
		13F3577E24AFB7FB0092200C /* Release */ = {
			isa = XCBuildConfiguration;
			baseConfigurationReference = B3366C62F77504D299C0E6C2 /* Pods-TextTransfer.release.xcconfig */;
			buildSettings = {
				ASSETCATALOG_COMPILER_APPICON_NAME = AppIcon;
				CODE_SIGN_STYLE = Automatic;
				INFOPLIST_FILE = TextTransfer/Info.plist;
				LD_RUNPATH_SEARCH_PATHS = (
					"$(inherited)",
					"@executable_path/Frameworks",
				);
				PRODUCT_BUNDLE_IDENTIFIER = com.conner.TextTransfer;
				PRODUCT_NAME = "$(TARGET_NAME)";
				SWIFT_VERSION = 5.0;
				TARGETED_DEVICE_FAMILY = "1,2";
			};
			name = Release;
		};
/* End XCBuildConfiguration section */

/* Begin XCConfigurationList section */
		13F3576324AFB7F90092200C /* Build configuration list for PBXProject "TextTransfer" */ = {
			isa = XCConfigurationList;
			buildConfigurations = (
				13F3577A24AFB7FB0092200C /* Debug */,
				13F3577B24AFB7FB0092200C /* Release */,
			);
			defaultConfigurationIsVisible = 0;
			defaultConfigurationName = Release;
		};
		13F3577C24AFB7FB0092200C /* Build configuration list for PBXNativeTarget "TextTransfer" */ = {
			isa = XCConfigurationList;
			buildConfigurations = (
				13F3577D24AFB7FB0092200C /* Debug */,
				13F3577E24AFB7FB0092200C /* Release */,
			);
			defaultConfigurationIsVisible = 0;
			defaultConfigurationName = Release;
		};
/* End XCConfigurationList section */
	};
	rootObject = 13F3576024AFB7F90092200C /* Project object */;
}
